
Microsoft Visual Studio Solution File, Format Version 12.00
# Visual Studio 15
VisualStudioVersion = 15.0.27703.2035
MinimumVisualStudioVersion = 10.0.40219.1
Project("{888888A0-9F3D-457C-B088-3A5042F75D52}") = "PythonApplication1", "PythonApplication1\PythonApplication1.pyproj", "{DD080BFE-0CBC-4BD6-9DC2-EEEE0CEA029E}"
EndProject
Global
	GlobalSection(SolutionConfigurationPlatforms) = preSolution
		Debug|Any CPU = Debug|Any CPU
		Release|Any CPU = Release|Any CPU
	EndGlobalSection
	GlobalSection(ProjectConfigurationPlatforms) = postSolution
		{DD080BFE-0CBC-4BD6-9DC2-EEEE0CEA029E}.Debug|Any CPU.ActiveCfg = Debug|Any CPU
		{DD080BFE-0CBC-4BD6-9DC2-EEEE0CEA029E}.Release|Any CPU.ActiveCfg = Release|Any CPU
	EndGlobalSection
	GlobalSection(SolutionProperties) = preSolution
		HideSolutionNode = FALSE
	EndGlobalSection
	GlobalSection(ExtensibilityGlobals) = postSolution
		SolutionGuid = {F21C4EAF-A1F1-4E03-99AD-5357A5F280FC}
	EndGlobalSection
EndGlobal
